<Solution>

  <Configurations>
    <Platform Name="x64" />
  </Configurations>

  <!--
    Build tooling. These build before anything else can restore: BHS.Revit.Sdk has to be packed
    into artifacts/feed for the source projects to resolve their SDK at all.
  -->
  <Folder Name="/build/">
    <Project Path="build/BHS.Revit.Sdk/BHS.Revit.Sdk.csproj" Type="C#" />
    <Project Path="build/RefCheck/RefCheck.csproj" Type="C#" />
  </Folder>

  <!-- Repository-level files, so they are editable without leaving the solution. -->
  <Folder Name="/config/">
    <File Path="CLAUDE.md" />
    <File Path="Directory.Build.props" />
    <File Path="Directory.Packages.props" />
    <File Path="NuGet.config" />
    <File Path="global.json" />
    <File Path=".gitattributes" />
    <File Path=".gitignore" />
  </Folder>

  <!-- Side-agnostic code: plain .NET axis, knows nothing about a Revit version. -->
  <Folder Name="/Shared/">
    <Project Path="source/Shared/BHS.Shared/BHS.Shared.csproj" Type="C#" />
    <!-- GrpcDotNetNamedPipes, vendored and rebuilt so its System.Memory reference matches the
         one Revit 2024 ships. Its readme carries the measurement. -->
    <Project Path="source/Shared/BHS.Grpc.NamedPipes/BHS.Grpc.NamedPipes.csproj" Type="C#" />
    <Project Path="source/Shared/BHS.Transport/BHS.Transport.csproj" Type="C#" />
    <Project Path="source/Shared/BHS.Transport.Configuration/BHS.Transport.Configuration.csproj" Type="C#" />
    <Project Path="source/Shared/BHS.Transport.Probe/BHS.Transport.Probe.csproj" Type="C#" />
  </Folder>

  <!-- Win-side: separate processes that know about Revit but are never loaded into it. -->
  <Folder Name="/WinSide/">
    <!-- Starts a Revit and waits to be told it is ready. Extracted from the probe runner, which
         is still its test - four live releases beat any argument about how it should behave. -->
    <Project Path="source/WinSide/BHS.Revit.Launch/BHS.Revit.Launch.csproj" Type="C#" />
    <!-- The companion process itself: serves the channel, keeps the register, starts and stops
         Revit on request. A user process rather than a service - Revit needs a desktop. -->
    <Project Path="source/WinSide/BHS.WinSide/BHS.WinSide.csproj" Type="C#" />
  </Folder>

  <!-- Revit-side framework: loaded into the Revit process, multi-targeted on the Revit axis. -->
  <Folder Name="/Revit/">
    <Project Path="source/Revit/BHS.Revit.Abstractions/BHS.Revit.Abstractions.csproj" Type="C#" />
    <Project Path="source/Revit/BHS.Revit.Common/BHS.Revit.Common.csproj" Type="C#" />

    <!-- The verification pair: an add-in that reports what it sees, and the runner that starts
         Revit and asks it. The runner is not loaded into Revit and is not on the Revit axis; it
         sits here because the two halves are one instrument. -->
    <Project Path="source/Revit/BHS.Revit.Probe/BHS.Revit.Probe.csproj" Type="C#" />
    <Project Path="source/Revit/BHS.Revit.Probe.Runner/BHS.Revit.Probe.Runner.csproj" Type="C#" />
  </Folder>

</Solution>
